
Microsoft Visual Studio Solution File, Format Version 12.00
# Visual Studio Version 17
VisualStudioVersion = 17.5.33530.505
MinimumVisualStudioVersion = 10.0.40219.1
Project("{FAE04EC0-301F-11D3-BF4B-00C04F79EFBC}") = "Ahorcado", "Ahorcado.csproj", "{44A89EC7-D12F-4513-8830-02E59E084B16}"
EndProject
Global
	GlobalSection(SolutionConfigurationPlatforms) = preSolution
		Debug|Any CPU = Debug|Any CPU
		Release|Any CPU = Release|Any CPU
	EndGlobalSection
	GlobalSection(ProjectConfigurationPlatforms) = postSolution
		{44A89EC7-D12F-4513-8830-02E59E084B16}.Debug|Any CPU.ActiveCfg = Debug|Any CPU
		{44A89EC7-D12F-4513-8830-02E59E084B16}.Debug|Any CPU.Build.0 = Debug|Any CPU
		{44A89EC7-D12F-4513-8830-02E59E084B16}.Release|Any CPU.ActiveCfg = Release|Any CPU
		{44A89EC7-D12F-4513-8830-02E59E084B16}.Release|Any CPU.Build.0 = Release|Any CPU
	EndGlobalSection
	GlobalSection(SolutionProperties) = preSolution
		HideSolutionNode = FALSE
	EndGlobalSection
	GlobalSection(ExtensibilityGlobals) = postSolution
		SolutionGuid = {5E655A4E-253B-412C-8D8D-3A57D25B22C9}
	EndGlobalSection
EndGlobal
