
Microsoft Visual Studio Solution File, Format Version 12.00
# Visual Studio Version 17
VisualStudioVersion = 17.5.33530.505
MinimumVisualStudioVersion = 10.0.40219.1
Project("{FAE04EC0-301F-11D3-BF4B-00C04F79EFBC}") = "PiensaUnNumero", "PiensaUnNumero.csproj", "{7BBCB483-2820-4473-AB49-D9F69524B9B2}"
EndProject
Global
	GlobalSection(SolutionConfigurationPlatforms) = preSolution
		Debug|Any CPU = Debug|Any CPU
		Release|Any CPU = Release|Any CPU
	EndGlobalSection
	GlobalSection(ProjectConfigurationPlatforms) = postSolution
		{7BBCB483-2820-4473-AB49-D9F69524B9B2}.Debug|Any CPU.ActiveCfg = Debug|Any CPU
		{7BBCB483-2820-4473-AB49-D9F69524B9B2}.Debug|Any CPU.Build.0 = Debug|Any CPU
		{7BBCB483-2820-4473-AB49-D9F69524B9B2}.Release|Any CPU.ActiveCfg = Release|Any CPU
		{7BBCB483-2820-4473-AB49-D9F69524B9B2}.Release|Any CPU.Build.0 = Release|Any CPU
	EndGlobalSection
	GlobalSection(SolutionProperties) = preSolution
		HideSolutionNode = FALSE
	EndGlobalSection
	GlobalSection(ExtensibilityGlobals) = postSolution
		SolutionGuid = {D601AEB5-528A-4DA9-8E95-BC15878B94A1}
	EndGlobalSection
EndGlobal
